
Microsoft Visual Studio Solution File, Format Version 10.00
# Visual Studio 2008
Project("{FAE04EC0-301F-11D3-BF4B-00C04F79EFBC}") = "ipHash", "ipHash\ipHash.csproj", "{F70D2F7B-D127-42E5-BCF2-AA5031C567C6}"
EndProject
Global
	GlobalSection(SolutionConfigurationPlatforms) = preSolution
		Debug|Any CPU = Debug|Any CPU
		Release|Any CPU = Release|Any CPU
	EndGlobalSection
	GlobalSection(ProjectConfigurationPlatforms) = postSolution
		{F70D2F7B-D127-42E5-BCF2-AA5031C567C6}.Debug|Any CPU.ActiveCfg = Debug|Any CPU
		{F70D2F7B-D127-42E5-BCF2-AA5031C567C6}.Debug|Any CPU.Build.0 = Debug|Any CPU
		{F70D2F7B-D127-42E5-BCF2-AA5031C567C6}.Release|Any CPU.ActiveCfg = Release|Any CPU
		{F70D2F7B-D127-42E5-BCF2-AA5031C567C6}.Release|Any CPU.Build.0 = Release|Any CPU
	EndGlobalSection
	GlobalSection(SolutionProperties) = preSolution
		HideSolutionNode = FALSE
	EndGlobalSection
EndGlobal
